
Microsoft Visual Studio Solution File, Format Version 12.00
# Visual Studio 15
VisualStudioVersion = 15.0.26228.4
MinimumVisualStudioVersion = 10.0.40219.1
Project("{9A19103F-16F7-4668-BE54-9A1E7A4F7556}") = "LibraryInstaller", "src\LibraryInstaller\LibraryInstaller.csproj", "{707356DD-96B9-49F6-AF2A-9D23B857A1E2}"
	ProjectSection(ProjectDependencies) = postProject
		{FF466454-426B-4AD7-8B00-D50011BE716F} = {FF466454-426B-4AD7-8B00-D50011BE716F}
	EndProjectSection
EndProject
Project("{9A19103F-16F7-4668-BE54-9A1E7A4F7556}") = "LibraryInstaller.Test", "test\LibraryInstaller.Test\LibraryInstaller.Test.csproj", "{08C91CC3-4057-4D76-8B9A-B6A0557B64EB}"
EndProject
Project("{2150E333-8FDC-42A3-9474-1A3956D46DE8}") = "Solution Items", "Solution Items", "{3ABB42B4-4EF4-4CED-9A56-2B910DF710F8}"
	ProjectSection(SolutionItems) = preProject
		.editorconfig = .editorconfig
		CHANGELOG.md = CHANGELOG.md
		README.md = README.md
	EndProjectSection
EndProject
Project("{9A19103F-16F7-4668-BE54-9A1E7A4F7556}") = "LibraryInstaller.Contracts", "src\LibraryInstaller.Contracts\LibraryInstaller.Contracts.csproj", "{FF466454-426B-4AD7-8B00-D50011BE716F}"
EndProject
Project("{9A19103F-16F7-4668-BE54-9A1E7A4F7556}") = "LibraryInstaller.Mocks", "test\LibraryInstaller.Mocks\LibraryInstaller.Mocks.csproj", "{18F82568-446D-4729-B65E-EB9DF21C3636}"
EndProject
Project("{FAE04EC0-301F-11D3-BF4B-00C04F79EFBC}") = "LibraryInstaller.Vsix", "src\LibraryInstaller.Vsix\LibraryInstaller.Vsix.csproj", "{EDA2179C-D952-449F-9A3D-8B3A152D6E5A}"
EndProject
Project("{2150E333-8FDC-42A3-9474-1A3956D46DE8}") = "Src", "Src", "{A72570B1-99EF-4BDD-B629-321CD56C9F7F}"
EndProject
Project("{2150E333-8FDC-42A3-9474-1A3956D46DE8}") = "Test", "Test", "{FFCD12F4-5CE2-4CC2-A2C4-EACC8F387D7A}"
EndProject
Global
	GlobalSection(SolutionConfigurationPlatforms) = preSolution
		Debug|Any CPU = Debug|Any CPU
		Debug|x64 = Debug|x64
		Debug|x86 = Debug|x86
		Release|Any CPU = Release|Any CPU
		Release|x64 = Release|x64
		Release|x86 = Release|x86
	EndGlobalSection
	GlobalSection(ProjectConfigurationPlatforms) = postSolution
		{707356DD-96B9-49F6-AF2A-9D23B857A1E2}.Debug|Any CPU.ActiveCfg = Debug|Any CPU
		{707356DD-96B9-49F6-AF2A-9D23B857A1E2}.Debug|Any CPU.Build.0 = Debug|Any CPU
		{707356DD-96B9-49F6-AF2A-9D23B857A1E2}.Debug|x64.ActiveCfg = Debug|Any CPU
		{707356DD-96B9-49F6-AF2A-9D23B857A1E2}.Debug|x64.Build.0 = Debug|Any CPU
		{707356DD-96B9-49F6-AF2A-9D23B857A1E2}.Debug|x86.ActiveCfg = Debug|Any CPU
		{707356DD-96B9-49F6-AF2A-9D23B857A1E2}.Debug|x86.Build.0 = Debug|Any CPU
		{707356DD-96B9-49F6-AF2A-9D23B857A1E2}.Release|Any CPU.ActiveCfg = Release|Any CPU
		{707356DD-96B9-49F6-AF2A-9D23B857A1E2}.Release|Any CPU.Build.0 = Release|Any CPU
		{707356DD-96B9-49F6-AF2A-9D23B857A1E2}.Release|x64.ActiveCfg = Release|Any CPU
		{707356DD-96B9-49F6-AF2A-9D23B857A1E2}.Release|x64.Build.0 = Release|Any CPU
		{707356DD-96B9-49F6-AF2A-9D23B857A1E2}.Release|x86.ActiveCfg = Release|Any CPU
		{707356DD-96B9-49F6-AF2A-9D23B857A1E2}.Release|x86.Build.0 = Release|Any CPU
		{08C91CC3-4057-4D76-8B9A-B6A0557B64EB}.Debug|Any CPU.ActiveCfg = Debug|Any CPU
		{08C91CC3-4057-4D76-8B9A-B6A0557B64EB}.Debug|Any CPU.Build.0 = Debug|Any CPU
		{08C91CC3-4057-4D76-8B9A-B6A0557B64EB}.Debug|x64.ActiveCfg = Debug|Any CPU
		{08C91CC3-4057-4D76-8B9A-B6A0557B64EB}.Debug|x64.Build.0 = Debug|Any CPU
		{08C91CC3-4057-4D76-8B9A-B6A0557B64EB}.Debug|x86.ActiveCfg = Debug|Any CPU
		{08C91CC3-4057-4D76-8B9A-B6A0557B64EB}.Debug|x86.Build.0 = Debug|Any CPU
		{08C91CC3-4057-4D76-8B9A-B6A0557B64EB}.Release|Any CPU.ActiveCfg = Release|Any CPU
		{08C91CC3-4057-4D76-8B9A-B6A0557B64EB}.Release|Any CPU.Build.0 = Release|Any CPU
		{08C91CC3-4057-4D76-8B9A-B6A0557B64EB}.Release|x64.ActiveCfg = Release|Any CPU
		{08C91CC3-4057-4D76-8B9A-B6A0557B64EB}.Release|x64.Build.0 = Release|Any CPU
		{08C91CC3-4057-4D76-8B9A-B6A0557B64EB}.Release|x86.ActiveCfg = Release|Any CPU
		{08C91CC3-4057-4D76-8B9A-B6A0557B64EB}.Release|x86.Build.0 = Release|Any CPU
		{FF466454-426B-4AD7-8B00-D50011BE716F}.Debug|Any CPU.ActiveCfg = Debug|Any CPU
		{FF466454-426B-4AD7-8B00-D50011BE716F}.Debug|Any CPU.Build.0 = Debug|Any CPU
		{FF466454-426B-4AD7-8B00-D50011BE716F}.Debug|x64.ActiveCfg = Debug|Any CPU
		{FF466454-426B-4AD7-8B00-D50011BE716F}.Debug|x64.Build.0 = Debug|Any CPU
		{FF466454-426B-4AD7-8B00-D50011BE716F}.Debug|x86.ActiveCfg = Debug|Any CPU
		{FF466454-426B-4AD7-8B00-D50011BE716F}.Debug|x86.Build.0 = Debug|Any CPU
		{FF466454-426B-4AD7-8B00-D50011BE716F}.Release|Any CPU.ActiveCfg = Release|Any CPU
		{FF466454-426B-4AD7-8B00-D50011BE716F}.Release|Any CPU.Build.0 = Release|Any CPU
		{FF466454-426B-4AD7-8B00-D50011BE716F}.Release|x64.ActiveCfg = Release|Any CPU
		{FF466454-426B-4AD7-8B00-D50011BE716F}.Release|x64.Build.0 = Release|Any CPU
		{FF466454-426B-4AD7-8B00-D50011BE716F}.Release|x86.ActiveCfg = Release|Any CPU
		{FF466454-426B-4AD7-8B00-D50011BE716F}.Release|x86.Build.0 = Release|Any CPU
		{18F82568-446D-4729-B65E-EB9DF21C3636}.Debug|Any CPU.ActiveCfg = Debug|Any CPU
		{18F82568-446D-4729-B65E-EB9DF21C3636}.Debug|Any CPU.Build.0 = Debug|Any CPU
		{18F82568-446D-4729-B65E-EB9DF21C3636}.Debug|x64.ActiveCfg = Debug|Any CPU
		{18F82568-446D-4729-B65E-EB9DF21C3636}.Debug|x64.Build.0 = Debug|Any CPU
		{18F82568-446D-4729-B65E-EB9DF21C3636}.Debug|x86.ActiveCfg = Debug|Any CPU
		{18F82568-446D-4729-B65E-EB9DF21C3636}.Debug|x86.Build.0 = Debug|Any CPU
		{18F82568-446D-4729-B65E-EB9DF21C3636}.Release|Any CPU.ActiveCfg = Release|Any CPU
		{18F82568-446D-4729-B65E-EB9DF21C3636}.Release|Any CPU.Build.0 = Release|Any CPU
		{18F82568-446D-4729-B65E-EB9DF21C3636}.Release|x64.ActiveCfg = Release|Any CPU
		{18F82568-446D-4729-B65E-EB9DF21C3636}.Release|x64.Build.0 = Release|Any CPU
		{18F82568-446D-4729-B65E-EB9DF21C3636}.Release|x86.ActiveCfg = Release|Any CPU
		{18F82568-446D-4729-B65E-EB9DF21C3636}.Release|x86.Build.0 = Release|Any CPU
		{EDA2179C-D952-449F-9A3D-8B3A152D6E5A}.Debug|Any CPU.ActiveCfg = Debug|Any CPU
		{EDA2179C-D952-449F-9A3D-8B3A152D6E5A}.Debug|Any CPU.Build.0 = Debug|Any CPU
		{EDA2179C-D952-449F-9A3D-8B3A152D6E5A}.Debug|x64.ActiveCfg = Debug|Any CPU
		{EDA2179C-D952-449F-9A3D-8B3A152D6E5A}.Debug|x64.Build.0 = Debug|Any CPU
		{EDA2179C-D952-449F-9A3D-8B3A152D6E5A}.Debug|x86.ActiveCfg = Debug|Any CPU
		{EDA2179C-D952-449F-9A3D-8B3A152D6E5A}.Debug|x86.Build.0 = Debug|Any CPU
		{EDA2179C-D952-449F-9A3D-8B3A152D6E5A}.Release|Any CPU.ActiveCfg = Release|Any CPU
		{EDA2179C-D952-449F-9A3D-8B3A152D6E5A}.Release|Any CPU.Build.0 = Release|Any CPU
		{EDA2179C-D952-449F-9A3D-8B3A152D6E5A}.Release|x64.ActiveCfg = Release|Any CPU
		{EDA2179C-D952-449F-9A3D-8B3A152D6E5A}.Release|x64.Build.0 = Release|Any CPU
		{EDA2179C-D952-449F-9A3D-8B3A152D6E5A}.Release|x86.ActiveCfg = Release|Any CPU
		{EDA2179C-D952-449F-9A3D-8B3A152D6E5A}.Release|x86.Build.0 = Release|Any CPU
	EndGlobalSection
	GlobalSection(SolutionProperties) = preSolution
		HideSolutionNode = FALSE
	EndGlobalSection
	GlobalSection(NestedProjects) = preSolution
		{707356DD-96B9-49F6-AF2A-9D23B857A1E2} = {A72570B1-99EF-4BDD-B629-321CD56C9F7F}
		{08C91CC3-4057-4D76-8B9A-B6A0557B64EB} = {FFCD12F4-5CE2-4CC2-A2C4-EACC8F387D7A}
		{FF466454-426B-4AD7-8B00-D50011BE716F} = {A72570B1-99EF-4BDD-B629-321CD56C9F7F}
		{18F82568-446D-4729-B65E-EB9DF21C3636} = {FFCD12F4-5CE2-4CC2-A2C4-EACC8F387D7A}
		{EDA2179C-D952-449F-9A3D-8B3A152D6E5A} = {A72570B1-99EF-4BDD-B629-321CD56C9F7F}
	EndGlobalSection
EndGlobal
